
Microsoft Visual Studio Solution File, Format Version 12.00
# Visual Studio Version 16
VisualStudioVersion = 16.0.31624.102
MinimumVisualStudioVersion = 10.0.40219.1
Project("{FAE04EC0-301F-11D3-BF4B-00C04F79EFBC}") = "HardestGame", "HardestGame\HardestGame.csproj", "{A5E6F8BF-C971-45DE-858A-AFF94AE3B2C6}"
EndProject
Global
	GlobalSection(SolutionConfigurationPlatforms) = preSolution
		Debug|Any CPU = Debug|Any CPU
		Release|Any CPU = Release|Any CPU
	EndGlobalSection
	GlobalSection(ProjectConfigurationPlatforms) = postSolution
		{A5E6F8BF-C971-45DE-858A-AFF94AE3B2C6}.Debug|Any CPU.ActiveCfg = Debug|Any CPU
		{A5E6F8BF-C971-45DE-858A-AFF94AE3B2C6}.Debug|Any CPU.Build.0 = Debug|Any CPU
		{A5E6F8BF-C971-45DE-858A-AFF94AE3B2C6}.Release|Any CPU.ActiveCfg = Release|Any CPU
		{A5E6F8BF-C971-45DE-858A-AFF94AE3B2C6}.Release|Any CPU.Build.0 = Release|Any CPU
	EndGlobalSection
	GlobalSection(SolutionProperties) = preSolution
		HideSolutionNode = FALSE
	EndGlobalSection
	GlobalSection(ExtensibilityGlobals) = postSolution
		SolutionGuid = {5E69A5B5-B4A3-46C8-88AF-043923F1273D}
	EndGlobalSection
EndGlobal
